
Microsoft Visual Studio Solution File, Format Version 12.00
# Visual Studio Version 17
VisualStudioVersion = 17.2.32602.215
MinimumVisualStudioVersion = 10.0.40219.1
Project("{9A19103F-16F7-4668-BE54-9A1E7A4F7556}") = "EntityLib", "EntityLib\EntityLib.csproj", "{59E274B6-C2DD-429D-AC0D-E7D159D188CF}"
EndProject
Project("{9A19103F-16F7-4668-BE54-9A1E7A4F7556}") = "Business", "Business\Business.csproj", "{4FB250FD-7C7B-418A-A52B-F67F2AAFA31B}"
EndProject
Project("{9A19103F-16F7-4668-BE54-9A1E7A4F7556}") = "Api", "Api\Api.csproj", "{455607BD-D870-4B30-B303-7574E7FE4EC2}"
EndProject
Project("{FAE04EC0-301F-11D3-BF4B-00C04F79EFBC}") = "Web", "Web\Web.csproj", "{E20E9B72-96EF-4C91-BBF7-273CC44D4C4E}"
EndProject
Global
	GlobalSection(SolutionConfigurationPlatforms) = preSolution
		Debug|Any CPU = Debug|Any CPU
		Release|Any CPU = Release|Any CPU
	EndGlobalSection
	GlobalSection(ProjectConfigurationPlatforms) = postSolution
		{59E274B6-C2DD-429D-AC0D-E7D159D188CF}.Debug|Any CPU.ActiveCfg = Debug|Any CPU
		{59E274B6-C2DD-429D-AC0D-E7D159D188CF}.Debug|Any CPU.Build.0 = Debug|Any CPU
		{59E274B6-C2DD-429D-AC0D-E7D159D188CF}.Release|Any CPU.ActiveCfg = Release|Any CPU
		{59E274B6-C2DD-429D-AC0D-E7D159D188CF}.Release|Any CPU.Build.0 = Release|Any CPU
		{4FB250FD-7C7B-418A-A52B-F67F2AAFA31B}.Debug|Any CPU.ActiveCfg = Debug|Any CPU
		{4FB250FD-7C7B-418A-A52B-F67F2AAFA31B}.Debug|Any CPU.Build.0 = Debug|Any CPU
		{4FB250FD-7C7B-418A-A52B-F67F2AAFA31B}.Release|Any CPU.ActiveCfg = Release|Any CPU
		{4FB250FD-7C7B-418A-A52B-F67F2AAFA31B}.Release|Any CPU.Build.0 = Release|Any CPU
		{455607BD-D870-4B30-B303-7574E7FE4EC2}.Debug|Any CPU.ActiveCfg = Debug|Any CPU
		{455607BD-D870-4B30-B303-7574E7FE4EC2}.Debug|Any CPU.Build.0 = Debug|Any CPU
		{455607BD-D870-4B30-B303-7574E7FE4EC2}.Release|Any CPU.ActiveCfg = Release|Any CPU
		{455607BD-D870-4B30-B303-7574E7FE4EC2}.Release|Any CPU.Build.0 = Release|Any CPU
		{E20E9B72-96EF-4C91-BBF7-273CC44D4C4E}.Debug|Any CPU.ActiveCfg = Debug|Any CPU
		{E20E9B72-96EF-4C91-BBF7-273CC44D4C4E}.Debug|Any CPU.Build.0 = Debug|Any CPU
		{E20E9B72-96EF-4C91-BBF7-273CC44D4C4E}.Release|Any CPU.ActiveCfg = Release|Any CPU
		{E20E9B72-96EF-4C91-BBF7-273CC44D4C4E}.Release|Any CPU.Build.0 = Release|Any CPU
	EndGlobalSection
	GlobalSection(SolutionProperties) = preSolution
		HideSolutionNode = FALSE
	EndGlobalSection
	GlobalSection(ExtensibilityGlobals) = postSolution
		SolutionGuid = {8A03B55B-1EB3-48D3-B694-7EAE13FB1E1F}
	EndGlobalSection
EndGlobal
